
Microsoft Visual Studio Solution File, Format Version 12.00
# Visual Studio 2013
VisualStudioVersion = 12.0.40629.0
MinimumVisualStudioVersion = 10.0.40219.1
Project("{FAE04EC0-301F-11D3-BF4B-00C04F79EFBC}") = "Social.Pinterest", "Social.Pinterest\Social.Pinterest.csproj", "{77B01EC2-42B6-42D2-A5A4-47902226825D}"
EndProject
Project("{54435603-DBB4-11D2-8724-00A0C9A8B90C}") = "Social.Pinterest.Setup", "Social.Pinterest.Setup\Social.Pinterest.Setup.vdproj", "{0FEE76AC-2336-4BBD-A439-E051DEDD1E8E}"
EndProject
Global
	GlobalSection(SolutionConfigurationPlatforms) = preSolution
		Debug|Any CPU = Debug|Any CPU
		Release|Any CPU = Release|Any CPU
	EndGlobalSection
	GlobalSection(ProjectConfigurationPlatforms) = postSolution
		{77B01EC2-42B6-42D2-A5A4-47902226825D}.Debug|Any CPU.ActiveCfg = Debug|Any CPU
		{77B01EC2-42B6-42D2-A5A4-47902226825D}.Debug|Any CPU.Build.0 = Debug|Any CPU
		{77B01EC2-42B6-42D2-A5A4-47902226825D}.Release|Any CPU.ActiveCfg = Release|Any CPU
		{77B01EC2-42B6-42D2-A5A4-47902226825D}.Release|Any CPU.Build.0 = Release|Any CPU
		{0FEE76AC-2336-4BBD-A439-E051DEDD1E8E}.Debug|Any CPU.ActiveCfg = Debug
		{0FEE76AC-2336-4BBD-A439-E051DEDD1E8E}.Release|Any CPU.ActiveCfg = Release
	EndGlobalSection
	GlobalSection(SolutionProperties) = preSolution
		HideSolutionNode = FALSE
	EndGlobalSection
EndGlobal
